// !$*UTF8*$!
{
	archiveVersion = 1;
	classes = {
	};
	objectVersion = 46;
	objects = {

/* Begin PBXBuildFile section */
		24E1DEE218BFDD0700AE4E1F /* Foundation.framework in Frameworks */ = {isa = PBXBuildFile; fileRef = 24E1DEE118BFDD0700AE4E1F /* Foundation.framework */; };
		24E1DEE418BFDD0700AE4E1F /* CoreGraphics.framework in Frameworks */ = {isa = PBXBuildFile; fileRef = 24E1DEE318BFDD0700AE4E1F /* CoreGraphics.framework */; };
		24E1DEE618BFDD0700AE4E1F /* UIKit.framework in Frameworks */ = {isa = PBXBuildFile; fileRef = 24E1DEE518BFDD0700AE4E1F /* UIKit.framework */; };
		24E1DEEC18BFDD0700AE4E1F /* InfoPlist.strings in Resources */ = {isa = PBXBuildFile; fileRef = 24E1DEEA18BFDD0700AE4E1F /* InfoPlist.strings */; };
		24E1DEEE18BFDD0700AE4E1F /* main.m in Sources */ = {isa = PBXBuildFile; fileRef = 24E1DEED18BFDD0700AE4E1F /* main.m */; };
		24E1DEF218BFDD0700AE4E1F /* AppDelegate.m in Sources */ = {isa = PBXBuildFile; fileRef = 24E1DEF118BFDD0700AE4E1F /* AppDelegate.m */; };
		24E1DEF418BFDD0700AE4E1F /* Images.xcassets in Resources */ = {isa = PBXBuildFile; fileRef = 24E1DEF318BFDD0700AE4E1F /* Images.xcassets */; };
		24E1DF1218BFDD8400AE4E1F /* EventsViewController.m in Sources */ = {isa = PBXBuildFile; fileRef = 24E1DF1118BFDD8400AE4E1F /* EventsViewController.m */; };
		24E1DF1418BFDDC800AE4E1F /* iPhone.storyboard in Resources */ = {isa = PBXBuildFile; fileRef = 24E1DF1318BFDDC800AE4E1F /* iPhone.storyboard */; };
		24E1DF1718BFDE4A00AE4E1F /* EventViewController.m in Sources */ = {isa = PBXBuildFile; fileRef = 24E1DF1618BFDE4A00AE4E1F /* EventViewController.m */; };
		24E1DF1A18BFE00A00AE4E1F /* Model.xcdatamodeld in Sources */ = {isa = PBXBuildFile; fileRef = 24E1DF1818BFE00A00AE4E1F /* Model.xcdatamodeld */; };
/* End PBXBuildFile section */

/* Begin PBXFileReference section */
		24E1DEDE18BFDD0700AE4E1F /* State Restoration Test.app */ = {isa = PBXFileReference; explicitFileType = wrapper.application; includeInIndex = 0; path = "State Restoration Test.app"; sourceTree = BUILT_PRODUCTS_DIR; };
		24E1DEE118BFDD0700AE4E1F /* Foundation.framework */ = {isa = PBXFileReference; lastKnownFileType = wrapper.framework; name = Foundation.framework; path = System/Library/Frameworks/Foundation.framework; sourceTree = SDKROOT; };
		24E1DEE318BFDD0700AE4E1F /* CoreGraphics.framework */ = {isa = PBXFileReference; lastKnownFileType = wrapper.framework; name = CoreGraphics.framework; path = System/Library/Frameworks/CoreGraphics.framework; sourceTree = SDKROOT; };
		24E1DEE518BFDD0700AE4E1F /* UIKit.framework */ = {isa = PBXFileReference; lastKnownFileType = wrapper.framework; name = UIKit.framework; path = System/Library/Frameworks/UIKit.framework; sourceTree = SDKROOT; };
		24E1DEE918BFDD0700AE4E1F /* State Restoration Test-Info.plist */ = {isa = PBXFileReference; lastKnownFileType = text.plist.xml; path = "State Restoration Test-Info.plist"; sourceTree = "<group>"; };
		24E1DEEB18BFDD0700AE4E1F /* en */ = {isa = PBXFileReference; lastKnownFileType = text.plist.strings; name = en; path = en.lproj/InfoPlist.strings; sourceTree = "<group>"; };
		24E1DEED18BFDD0700AE4E1F /* main.m */ = {isa = PBXFileReference; lastKnownFileType = sourcecode.c.objc; path = main.m; sourceTree = "<group>"; };
		24E1DEF018BFDD0700AE4E1F /* AppDelegate.h */ = {isa = PBXFileReference; lastKnownFileType = sourcecode.c.h; path = AppDelegate.h; sourceTree = "<group>"; };
		24E1DEF118BFDD0700AE4E1F /* AppDelegate.m */ = {isa = PBXFileReference; lastKnownFileType = sourcecode.c.objc; path = AppDelegate.m; sourceTree = "<group>"; };
		24E1DEF318BFDD0700AE4E1F /* Images.xcassets */ = {isa = PBXFileReference; lastKnownFileType = folder.assetcatalog; path = Images.xcassets; sourceTree = "<group>"; };
		24E1DF1018BFDD8400AE4E1F /* EventsViewController.h */ = {isa = PBXFileReference; fileEncoding = 4; lastKnownFileType = sourcecode.c.h; path = EventsViewController.h; sourceTree = "<group>"; };
		24E1DF1118BFDD8400AE4E1F /* EventsViewController.m */ = {isa = PBXFileReference; fileEncoding = 4; lastKnownFileType = sourcecode.c.objc; path = EventsViewController.m; sourceTree = "<group>"; };
		24E1DF1318BFDDC800AE4E1F /* iPhone.storyboard */ = {isa = PBXFileReference; fileEncoding = 4; lastKnownFileType = file.storyboard; path = iPhone.storyboard; sourceTree = "<group>"; };
		24E1DF1518BFDE4A00AE4E1F /* EventViewController.h */ = {isa = PBXFileReference; fileEncoding = 4; lastKnownFileType = sourcecode.c.h; path = EventViewController.h; sourceTree = "<group>"; };
		24E1DF1618BFDE4A00AE4E1F /* EventViewController.m */ = {isa = PBXFileReference; fileEncoding = 4; lastKnownFileType = sourcecode.c.objc; path = EventViewController.m; sourceTree = "<group>"; };
		24E1DF1918BFE00A00AE4E1F /* Model.xcdatamodel */ = {isa = PBXFileReference; lastKnownFileType = wrapper.xcdatamodel; path = Model.xcdatamodel; sourceTree = "<group>"; };
/* End PBXFileReference section */

/* Begin PBXFrameworksBuildPhase section */
		24E1DEDB18BFDD0700AE4E1F /* Frameworks */ = {
			isa = PBXFrameworksBuildPhase;
			buildActionMask = 2147483647;
			files = (
				24E1DEE418BFDD0700AE4E1F /* CoreGraphics.framework in Frameworks */,
				24E1DEE618BFDD0700AE4E1F /* UIKit.framework in Frameworks */,
				24E1DEE218BFDD0700AE4E1F /* Foundation.framework in Frameworks */,
			);
			runOnlyForDeploymentPostprocessing = 0;
		};
/* End PBXFrameworksBuildPhase section */

/* Begin PBXGroup section */
		24E1DED518BFDD0700AE4E1F = {
			isa = PBXGroup;
			children = (
				24E1DEE718BFDD0700AE4E1F /* State Restoration Test */,
				24E1DEE018BFDD0700AE4E1F /* Frameworks */,
				24E1DEDF18BFDD0700AE4E1F /* Products */,
			);
			sourceTree = "<group>";
		};
		24E1DEDF18BFDD0700AE4E1F /* Products */ = {
			isa = PBXGroup;
			children = (
				24E1DEDE18BFDD0700AE4E1F /* State Restoration Test.app */,
			);
			name = Products;
			sourceTree = "<group>";
		};
		24E1DEE018BFDD0700AE4E1F /* Frameworks */ = {
			isa = PBXGroup;
			children = (
				24E1DEE118BFDD0700AE4E1F /* Foundation.framework */,
				24E1DEE318BFDD0700AE4E1F /* CoreGraphics.framework */,
				24E1DEE518BFDD0700AE4E1F /* UIKit.framework */,
			);
			name = Frameworks;
			sourceTree = "<group>";
		};
		24E1DEE718BFDD0700AE4E1F /* State Restoration Test */ = {
			isa = PBXGroup;
			children = (
				24E1DEF018BFDD0700AE4E1F /* AppDelegate.h */,
				24E1DEF118BFDD0700AE4E1F /* AppDelegate.m */,
				24E1DF1018BFDD8400AE4E1F /* EventsViewController.h */,
				24E1DF1118BFDD8400AE4E1F /* EventsViewController.m */,
				24E1DF1518BFDE4A00AE4E1F /* EventViewController.h */,
				24E1DF1618BFDE4A00AE4E1F /* EventViewController.m */,
				24E1DF1318BFDDC800AE4E1F /* iPhone.storyboard */,
				24E1DF1818BFE00A00AE4E1F /* Model.xcdatamodeld */,
				24E1DEF318BFDD0700AE4E1F /* Images.xcassets */,
				24E1DEE918BFDD0700AE4E1F /* State Restoration Test-Info.plist */,
				24E1DEEA18BFDD0700AE4E1F /* InfoPlist.strings */,
				24E1DEED18BFDD0700AE4E1F /* main.m */,
			);
			path = "State Restoration Test";
			sourceTree = "<group>";
		};
/* End PBXGroup section */

/* Begin PBXNativeTarget section */
		24E1DEDD18BFDD0700AE4E1F /* State Restoration Test */ = {
			isa = PBXNativeTarget;
			buildConfigurationList = 24E1DF0A18BFDD0700AE4E1F /* Build configuration list for PBXNativeTarget "State Restoration Test" */;
			buildPhases = (
				24E1DEDA18BFDD0700AE4E1F /* Sources */,
				24E1DEDB18BFDD0700AE4E1F /* Frameworks */,
				24E1DEDC18BFDD0700AE4E1F /* Resources */,
			);
			buildRules = (
			);
			dependencies = (
			);
			name = "State Restoration Test";
			productName = "State Restoration Test";
			productReference = 24E1DEDE18BFDD0700AE4E1F /* State Restoration Test.app */;
			productType = "com.apple.product-type.application";
		};
/* End PBXNativeTarget section */

/* Begin PBXProject section */
		24E1DED618BFDD0700AE4E1F /* Project object */ = {
			isa = PBXProject;
			attributes = {
				LastUpgradeCheck = 0500;
				ORGANIZATIONNAME = "Daniel Tull";
			};
			buildConfigurationList = 24E1DED918BFDD0700AE4E1F /* Build configuration list for PBXProject "State Restoration Test" */;
			compatibilityVersion = "Xcode 3.2";
			developmentRegion = English;
			hasScannedForEncodings = 0;
			knownRegions = (
				en,
			);
			mainGroup = 24E1DED518BFDD0700AE4E1F;
			productRefGroup = 24E1DEDF18BFDD0700AE4E1F /* Products */;
			projectDirPath = "";
			projectRoot = "";
			targets = (
				24E1DEDD18BFDD0700AE4E1F /* State Restoration Test */,
			);
		};
/* End PBXProject section */

/* Begin PBXResourcesBuildPhase section */
		24E1DEDC18BFDD0700AE4E1F /* Resources */ = {
			isa = PBXResourcesBuildPhase;
			buildActionMask = 2147483647;
			files = (
				24E1DEEC18BFDD0700AE4E1F /* InfoPlist.strings in Resources */,
				24E1DF1418BFDDC800AE4E1F /* iPhone.storyboard in Resources */,
				24E1DEF418BFDD0700AE4E1F /* Images.xcassets in Resources */,
			);
			runOnlyForDeploymentPostprocessing = 0;
		};
/* End PBXResourcesBuildPhase section */

/* Begin PBXSourcesBuildPhase section */
		24E1DEDA18BFDD0700AE4E1F /* Sources */ = {
			isa = PBXSourcesBuildPhase;
			buildActionMask = 2147483647;
			files = (
				24E1DEF218BFDD0700AE4E1F /* AppDelegate.m in Sources */,
				24E1DF1718BFDE4A00AE4E1F /* EventViewController.m in Sources */,
				24E1DF1A18BFE00A00AE4E1F /* Model.xcdatamodeld in Sources */,
				24E1DF1218BFDD8400AE4E1F /* EventsViewController.m in Sources */,
				24E1DEEE18BFDD0700AE4E1F /* main.m in Sources */,
			);
			runOnlyForDeploymentPostprocessing = 0;
		};
/* End PBXSourcesBuildPhase section */

/* Begin PBXVariantGroup section */
		24E1DEEA18BFDD0700AE4E1F /* InfoPlist.strings */ = {
			isa = PBXVariantGroup;
			children = (
				24E1DEEB18BFDD0700AE4E1F /* en */,
			);
			name = InfoPlist.strings;
			sourceTree = "<group>";
		};
/* End PBXVariantGroup section */

/* Begin XCBuildConfiguration section */
		24E1DF0818BFDD0700AE4E1F /* Debug */ = {
			isa = XCBuildConfiguration;
			buildSettings = {
				ALWAYS_SEARCH_USER_PATHS = NO;
				ARCHS = "$(ARCHS_STANDARD_INCLUDING_64_BIT)";
				CLANG_CXX_LANGUAGE_STANDARD = "gnu++0x";
				CLANG_CXX_LIBRARY = "libc++";
				CLANG_ENABLE_MODULES = YES;
				CLANG_ENABLE_OBJC_ARC = YES;
				CLANG_WARN_BOOL_CONVERSION = YES;
				CLANG_WARN_CONSTANT_CONVERSION = YES;
				CLANG_WARN_DIRECT_OBJC_ISA_USAGE = YES_ERROR;
				CLANG_WARN_EMPTY_BODY = YES;
				CLANG_WARN_ENUM_CONVERSION = YES;
				CLANG_WARN_INT_CONVERSION = YES;
				CLANG_WARN_OBJC_ROOT_CLASS = YES_ERROR;
				CLANG_WARN__DUPLICATE_METHOD_MATCH = YES;
				"CODE_SIGN_IDENTITY[sdk=iphoneos*]" = "iPhone Developer";
				COPY_PHASE_STRIP = NO;
				GCC_C_LANGUAGE_STANDARD = gnu99;
				GCC_DYNAMIC_NO_PIC = NO;
				GCC_OPTIMIZATION_LEVEL = 0;
				GCC_PREPROCESSOR_DEFINITIONS = (
					"DEBUG=1",
					"$(inherited)",
				);
				GCC_SYMBOLS_PRIVATE_EXTERN = NO;
				GCC_WARN_64_TO_32_BIT_CONVERSION = YES;
				GCC_WARN_ABOUT_RETURN_TYPE = YES_ERROR;
				GCC_WARN_UNDECLARED_SELECTOR = YES;
				GCC_WARN_UNINITIALIZED_AUTOS = YES;
				GCC_WARN_UNUSED_FUNCTION = YES;
				GCC_WARN_UNUSED_VARIABLE = YES;
				IPHONEOS_DEPLOYMENT_TARGET = 7.0;
				ONLY_ACTIVE_ARCH = YES;
				SDKROOT = iphoneos;
				WARNING_CFLAGS = (
					"-Weverything",
					"-Wno-objc-missing-property-synthesis",
				);
			};
			name = Debug;
		};
		24E1DF0918BFDD0700AE4E1F /* Release */ = {
			isa = XCBuildConfiguration;
			buildSettings = {
				ALWAYS_SEARCH_USER_PATHS = NO;
				ARCHS = "$(ARCHS_STANDARD_INCLUDING_64_BIT)";
				CLANG_CXX_LANGUAGE_STANDARD = "gnu++0x";
				CLANG_CXX_LIBRARY = "libc++";
				CLANG_ENABLE_MODULES = YES;
				CLANG_ENABLE_OBJC_ARC = YES;
				CLANG_WARN_BOOL_CONVERSION = YES;
				CLANG_WARN_CONSTANT_CONVERSION = YES;
				CLANG_WARN_DIRECT_OBJC_ISA_USAGE = YES_ERROR;
				CLANG_WARN_EMPTY_BODY = YES;
				CLANG_WARN_ENUM_CONVERSION = YES;
				CLANG_WARN_INT_CONVERSION = YES;
				CLANG_WARN_OBJC_ROOT_CLASS = YES_ERROR;
				CLANG_WARN__DUPLICATE_METHOD_MATCH = YES;
				"CODE_SIGN_IDENTITY[sdk=iphoneos*]" = "iPhone Developer";
				COPY_PHASE_STRIP = YES;
				ENABLE_NS_ASSERTIONS = NO;
				GCC_C_LANGUAGE_STANDARD = gnu99;
				GCC_WARN_64_TO_32_BIT_CONVERSION = YES;
				GCC_WARN_ABOUT_RETURN_TYPE = YES_ERROR;
				GCC_WARN_UNDECLARED_SELECTOR = YES;
				GCC_WARN_UNINITIALIZED_AUTOS = YES;
				GCC_WARN_UNUSED_FUNCTION = YES;
				GCC_WARN_UNUSED_VARIABLE = YES;
				IPHONEOS_DEPLOYMENT_TARGET = 7.0;
				SDKROOT = iphoneos;
				VALIDATE_PRODUCT = YES;
				WARNING_CFLAGS = (
					"-Weverything",
					"-Wno-objc-missing-property-synthesis",
				);
			};
			name = Release;
		};
		24E1DF0B18BFDD0700AE4E1F /* Debug */ = {
			isa = XCBuildConfiguration;
			buildSettings = {
				ASSETCATALOG_COMPILER_APPICON_NAME = AppIcon;
				ASSETCATALOG_COMPILER_LAUNCHIMAGE_NAME = LaunchImage;
				GCC_PRECOMPILE_PREFIX_HEADER = YES;
				INFOPLIST_FILE = "State Restoration Test/State Restoration Test-Info.plist";
				PRODUCT_NAME = "$(TARGET_NAME)";
				WRAPPER_EXTENSION = app;
			};
			name = Debug;
		};
		24E1DF0C18BFDD0700AE4E1F /* Release */ = {
			isa = XCBuildConfiguration;
			buildSettings = {
				ASSETCATALOG_COMPILER_APPICON_NAME = AppIcon;
				ASSETCATALOG_COMPILER_LAUNCHIMAGE_NAME = LaunchImage;
				GCC_PRECOMPILE_PREFIX_HEADER = YES;
				INFOPLIST_FILE = "State Restoration Test/State Restoration Test-Info.plist";
				PRODUCT_NAME = "$(TARGET_NAME)";
				WRAPPER_EXTENSION = app;
			};
			name = Release;
		};
/* End XCBuildConfiguration section */

/* Begin XCConfigurationList section */
		24E1DED918BFDD0700AE4E1F /* Build configuration list for PBXProject "State Restoration Test" */ = {
			isa = XCConfigurationList;
			buildConfigurations = (
				24E1DF0818BFDD0700AE4E1F /* Debug */,
				24E1DF0918BFDD0700AE4E1F /* Release */,
			);
			defaultConfigurationIsVisible = 0;
			defaultConfigurationName = Release;
		};
		24E1DF0A18BFDD0700AE4E1F /* Build configuration list for PBXNativeTarget "State Restoration Test" */ = {
			isa = XCConfigurationList;
			buildConfigurations = (
				24E1DF0B18BFDD0700AE4E1F /* Debug */,
				24E1DF0C18BFDD0700AE4E1F /* Release */,
			);
			defaultConfigurationIsVisible = 0;
		};
/* End XCConfigurationList section */

/* Begin XCVersionGroup section */
		24E1DF1818BFE00A00AE4E1F /* Model.xcdatamodeld */ = {
			isa = XCVersionGroup;
			children = (
				24E1DF1918BFE00A00AE4E1F /* Model.xcdatamodel */,
			);
			currentVersion = 24E1DF1918BFE00A00AE4E1F /* Model.xcdatamodel */;
			path = Model.xcdatamodeld;
			sourceTree = "<group>";
			versionGroupType = wrapper.xcdatamodel;
		};
/* End XCVersionGroup section */
	};
	rootObject = 24E1DED618BFDD0700AE4E1F /* Project object */;
}
